
Microsoft Visual Studio Solution File, Format Version 12.00
# Visual Studio Version 16
VisualStudioVersion = 16.0.29613.14
MinimumVisualStudioVersion = 10.0.40219.1
Project("{FAE04EC0-301F-11D3-BF4B-00C04F79EFBC}") = "WebAPI", "WebAPI\WebAPI.csproj", "{BA5ABD1C-1004-4574-A55C-D1F34D0C3F8F}"
EndProject
Project("{FAE04EC0-301F-11D3-BF4B-00C04F79EFBC}") = "MVC", "MVC\MVC.csproj", "{50B1B088-67DE-4E69-9D7F-D0D1877470E7}"
EndProject
Global
	GlobalSection(SolutionConfigurationPlatforms) = preSolution
		Debug|Any CPU = Debug|Any CPU
		Release|Any CPU = Release|Any CPU
	EndGlobalSection
	GlobalSection(ProjectConfigurationPlatforms) = postSolution
		{BA5ABD1C-1004-4574-A55C-D1F34D0C3F8F}.Debug|Any CPU.ActiveCfg = Debug|Any CPU
		{BA5ABD1C-1004-4574-A55C-D1F34D0C3F8F}.Debug|Any CPU.Build.0 = Debug|Any CPU
		{BA5ABD1C-1004-4574-A55C-D1F34D0C3F8F}.Release|Any CPU.ActiveCfg = Release|Any CPU
		{BA5ABD1C-1004-4574-A55C-D1F34D0C3F8F}.Release|Any CPU.Build.0 = Release|Any CPU
		{50B1B088-67DE-4E69-9D7F-D0D1877470E7}.Debug|Any CPU.ActiveCfg = Debug|Any CPU
		{50B1B088-67DE-4E69-9D7F-D0D1877470E7}.Debug|Any CPU.Build.0 = Debug|Any CPU
		{50B1B088-67DE-4E69-9D7F-D0D1877470E7}.Release|Any CPU.ActiveCfg = Release|Any CPU
		{50B1B088-67DE-4E69-9D7F-D0D1877470E7}.Release|Any CPU.Build.0 = Release|Any CPU
	EndGlobalSection
	GlobalSection(SolutionProperties) = preSolution
		HideSolutionNode = FALSE
	EndGlobalSection
	GlobalSection(ExtensibilityGlobals) = postSolution
		SolutionGuid = {0D976981-8417-431C-9314-1C5A0E285C70}
	EndGlobalSection
EndGlobal
